lockfileVersion: '6.0'

settings:
  autoInstallPeers: true
  excludeLinksFromLockfile: false

dependencies:
  ant-design-vue:
    specifier: ^3.0.0-alpha.10
    version: registry.npmmirror.com/ant-design-vue@3.0.0-alpha.10(@vue/compiler-sfc@3.2.21)(vue@3.2.21)
  gl-matrix:
    specifier: ^3.3.0
    version: registry.npmmirror.com/gl-matrix@3.4.3
  less:
    specifier: ^4.1.2
    version: registry.npmmirror.com/less@4.1.2
  vite:
    specifier: ^2.2.3
    version: registry.npmmirror.com/vite@2.6.13(less@4.1.2)
  vue:
    specifier: ^3.2.21
    version: registry.npmmirror.com/vue@3.2.21
  vue-router:
    specifier: ^4.0.12
    version: registry.npmmirror.com/vue-router@4.0.12(vue@3.2.21)

devDependencies:
  '@vitejs/plugin-vue':
    specifier: ^1.9.4
    version: registry.npmmirror.com/@vitejs/plugin-vue@1.9.4(vite@2.6.13)

packages:

  /@babel/helper-string-parser@7.22.5:
    resolution: {integrity: sha512-mM4COjgZox8U+JcXQwPijIZLElkgEpO5rsERVDJTc2qfCDfERyob6k5WegS14SX18IIjv+XD+GrqNumY5JRCDw==}
    engines: {node: '>=6.9.0'}
    dev: false

  /@babel/helper-validator-identifier@7.22.20:
    resolution: {integrity: sha512-Y4OZ+ytlatR8AI+8KZfKuL5urKp7qey08ha31L8b3BwewJAoJamTzyvxPR/5D+KkdJCGPq/+8TukHBlY10FX9A==}
    engines: {node: '>=6.9.0'}
    dev: false

  /@babel/parser@7.16.2:
    resolution: {integrity: sha512-RUVpT0G2h6rOZwqLDTrKk7ksNv7YpAilTnYe1/Q+eDjxEceRMKVWbCsX7t8h6C1qCFi/1Y8WZjcEPBAFG27GPw==}
    engines: {node: '>=6.0.0'}
    hasBin: true
    dependencies:
      '@babel/types': 7.23.0
    dev: false

  /@babel/types@7.23.0:
    resolution: {integrity: sha512-0oIyUfKoI3mSqMvsxBdclDwxXKXAUA8v/apZbc+iSyARYou1o8ZGDxbUYyLFoW2arqS2jDGqJuZvv1d/io1axg==}
    engines: {node: '>=6.9.0'}
    dependencies:
      '@babel/helper-string-parser': 7.22.5
      '@babel/helper-validator-identifier': 7.22.20
      to-fast-properties: 2.0.0
    dev: false

  /@vue/compiler-core@3.2.21:
    resolution: {integrity: sha512-NhhiQZNG71KNq1h5pMW/fAXdTF7lJRaSI7LDm2edhHXVz1ROMICo8SreUmQnSf4Fet0UPBVqJ988eF4+936iDQ==}
    dependencies:
      '@babel/parser': 7.16.2
      '@vue/shared': 3.2.21
      estree-walker: 2.0.2
      source-map: 0.6.1
    dev: false

  /@vue/compiler-dom@3.2.21:
    resolution: {integrity: sha512-gsJD3DpYZSYquiA7UIPsMDSlAooYWDvHPq9VRsqzJEk2PZtFvLvHPb4aaMD8Ufd62xzYn32cnnkzsEOJhyGilA==}
    dependencies:
      '@vue/compiler-core': 3.2.21
      '@vue/shared': 3.2.21
    dev: false

  /@vue/compiler-sfc@3.2.21:
    resolution: {integrity: sha512-+yDlUSebKpz/ovxM2vLRRx7w/gVfY767pOfYTgbIhAs+ogvIV2BsIt4fpxlThnlCNChJ+yE0ERUNoROv2kEGEQ==}
    dependencies:
      '@babel/parser': 7.16.2
      '@vue/compiler-core': 3.2.21
      '@vue/compiler-dom': 3.2.21
      '@vue/compiler-ssr': 3.2.21
      '@vue/ref-transform': 3.2.21
      '@vue/shared': 3.2.21
      estree-walker: 2.0.2
      magic-string: 0.25.7
      postcss: 8.4.31
      source-map: 0.6.1
    dev: false

  /@vue/compiler-ssr@3.2.21:
    resolution: {integrity: sha512-eU+A0iWYy+1zAo2CRIJ0zSVlv1iuGAIbNRCnllSJ31pV1lX3jypJYzGbJlSRAbB7VP6E+tYveVT1Oq8JKewa3g==}
    dependencies:
      '@vue/compiler-dom': 3.2.21
      '@vue/shared': 3.2.21
    dev: false

  /@vue/ref-transform@3.2.21:
    resolution: {integrity: sha512-uiEWWBsrGeun9O7dQExYWzXO3rHm/YdtFNXDVqCSoPypzOVxWxdiL+8hHeWzxMB58fVuV2sT80aUtIVyaBVZgQ==}
    dependencies:
      '@babel/parser': 7.16.2
      '@vue/compiler-core': 3.2.21
      '@vue/shared': 3.2.21
      estree-walker: 2.0.2
      magic-string: 0.25.7
    dev: false

  /@vue/shared@3.2.21:
    resolution: {integrity: sha512-5EQmIPK6gw4UVYUbM959B0uPsJ58+xoMESCZs3N89XyvJ9e+fX4pqEPrOGV8OroIk3SbEvJcC+eYc8BH9JQrHA==}
    dev: false

  /errno@0.1.8:
    resolution: {integrity: sha512-dJ6oBr5SQ1VSd9qkk7ByRgb/1SH4JZjCHSW/mr63/QcXO9zLVxvJ6Oy13nio03rxpSnVDDjFor75SjVeZWPW/A==}
    hasBin: true
    requiresBuild: true
    dependencies:
      prr: registry.nlark.com/prr@1.0.1
    optional: true

  /esbuild-android-arm64@0.13.12:
    resolution: {integrity: sha512-TSVZVrb4EIXz6KaYjXfTzPyyRpXV5zgYIADXtQsIenjZ78myvDGaPi11o4ZSaHIwFHsuwkB6ne5SZRBwAQ7maw==}
    cpu: [arm64]
    os: [android]
    requiresBuild: true
    optional: true

  /esbuild-darwin-64@0.13.12:
    resolution: {integrity: sha512-c51C+N+UHySoV2lgfWSwwmlnLnL0JWj/LzuZt9Ltk9ub1s2Y8cr6SQV5W3mqVH1egUceew6KZ8GyI4nwu+fhsw==}
    cpu: [x64]
    os: [darwin]
    requiresBuild: true
    optional: true

  /esbuild-darwin-arm64@0.13.12:
    resolution: {integrity: sha512-JvAMtshP45Hd8A8wOzjkY1xAnTKTYuP/QUaKp5eUQGX+76GIie3fCdUUr2ZEKdvpSImNqxiZSIMziEiGB5oUmQ==}
    cpu: [arm64]
    os: [darwin]
    requiresBuild: true
    optional: true

  /esbuild-freebsd-64@0.13.12:
    resolution: {integrity: sha512-r6On/Skv9f0ZjTu6PW5o7pdXr8aOgtFOEURJZYf1XAJs0IQ+gW+o1DzXjVkIoT+n1cm3N/t1KRJfX71MPg/ZUA==}
    cpu: [x64]
    os: [freebsd]
    requiresBuild: true
    optional: true

  /esbuild-freebsd-arm64@0.13.12:
    resolution: {integrity: sha512-F6LmI2Q1gii073kmBE3NOTt/6zLL5zvZsxNLF8PMAwdHc+iBhD1vzfI8uQZMJA1IgXa3ocr3L3DJH9fLGXy6Yw==}
    cpu: [arm64]
    os: [freebsd]
    requiresBuild: true
    optional: true

  /esbuild-linux-32@0.13.12:
    resolution: {integrity: sha512-U1UZwG3UIwF7/V4tCVAo/nkBV9ag5KJiJTt+gaCmLVWH3bPLX7y+fNlhIWZy8raTMnXhMKfaTvWZ9TtmXzvkuQ==}
    cpu: [ia32]
    os: [linux]
    requiresBuild: true
    optional: true

  /esbuild-linux-64@0.13.12:
    resolution: {integrity: sha512-YpXSwtu2NxN3N4ifJxEdsgd6Q5d8LYqskrAwjmoCT6yQnEHJSF5uWcxv783HWN7lnGpJi9KUtDvYsnMdyGw71Q==}
    cpu: [x64]
    os: [linux]
    requiresBuild: true
    optional: true

  /esbuild-linux-arm64@0.13.12:
    resolution: {integrity: sha512-sgDNb8kb3BVodtAlcFGgwk+43KFCYjnFOaOfJibXnnIojNWuJHpL6aQJ4mumzNWw8Rt1xEtDQyuGK9f+Y24jGA==}
    cpu: [arm64]
    os: [linux]
    requiresBuild: true
    optional: true

  /esbuild-linux-arm@0.13.12:
    resolution: {integrity: sha512-SyiT/JKxU6J+DY2qUiSLZJqCAftIt3uoGejZ0HDnUM2MGJqEGSGh7p1ecVL2gna3PxS4P+j6WAehCwgkBPXNIw==}
    cpu: [arm]
    os: [linux]
    requiresBuild: true
    optional: true

  /esbuild-linux-mips64le@0.13.12:
    resolution: {integrity: sha512-qQJHlZBG+QwVIA8AbTEtbvF084QgDi4DaUsUnA+EolY1bxrG+UyOuGflM2ZritGhfS/k7THFjJbjH2wIeoKA2g==}
    cpu: [mips64el]
    os: [linux]
    requiresBuild: true
    optional: true

  /esbuild-linux-ppc64le@0.13.12:
    resolution: {integrity: sha512-2dSnm1ldL7Lppwlo04CGQUpwNn5hGqXI38OzaoPOkRsBRWFBozyGxTFSee/zHFS+Pdh3b28JJbRK3owrrRgWNw==}
    cpu: [ppc64]
    os: [linux]
    requiresBuild: true
    optional: true

  /esbuild-netbsd-64@0.13.12:
    resolution: {integrity: sha512-D4raxr02dcRiQNbxOLzpqBzcJNFAdsDNxjUbKkDMZBkL54Z0vZh4LRndycdZAMcIdizC/l/Yp/ZsBdAFxc5nbA==}
    cpu: [x64]
    os: [netbsd]
    requiresBuild: true
    optional: true

  /esbuild-openbsd-64@0.13.12:
    resolution: {integrity: sha512-KuLCmYMb2kh05QuPJ+va60bKIH5wHL8ypDkmpy47lzwmdxNsuySeCMHuTv5o2Af1RUn5KLO5ZxaZeq4GEY7DaQ==}
    cpu: [x64]
    os: [openbsd]
    requiresBuild: true
    optional: true

  /esbuild-sunos-64@0.13.12:
    resolution: {integrity: sha512-jBsF+e0woK3miKI8ufGWKG3o3rY9DpHvCVRn5eburMIIE+2c+y3IZ1srsthKyKI6kkXLvV4Cf/E7w56kLipMXw==}
    cpu: [x64]
    os: [sunos]
    requiresBuild: true
    optional: true

  /esbuild-windows-32@0.13.12:
    resolution: {integrity: sha512-L9m4lLFQrFeR7F+eLZXG82SbXZfUhyfu6CexZEil6vm+lc7GDCE0Q8DiNutkpzjv1+RAbIGVva9muItQ7HVTkQ==}
    cpu: [ia32]
    os: [win32]
    requiresBuild: true
    optional: true

  /esbuild-windows-64@0.13.12:
    resolution: {integrity: sha512-k4tX4uJlSbSkfs78W5d9+I9gpd+7N95W7H2bgOMFPsYREVJs31+Q2gLLHlsnlY95zBoPQMIzHooUIsixQIBjaQ==}
    cpu: [x64]
    os: [win32]
    requiresBuild: true
    optional: true

  /esbuild-windows-arm64@0.13.12:
    resolution: {integrity: sha512-2tTv/BpYRIvuwHpp2M960nG7uvL+d78LFW/ikPItO+2GfK51CswIKSetSpDii+cjz8e9iSPgs+BU4o8nWICBwQ==}
    cpu: [arm64]
    os: [win32]
    requiresBuild: true
    optional: true

  /estree-walker@2.0.2:
    resolution: {integrity: sha512-Rfkk/Mp/DL7JVje3u18FxFujQlTNR2q6QfMSMB7AvCBx91NGj/ba3kCfza0f6dVDbw7YlRf/nDrn7pQrCCyQ/w==}
    dev: false

  /fsevents@2.3.2:
    resolution: {integrity: sha512-xiqMQR4xAeHTuB9uWm+fFRcIOgKBMiOBP+eXiyT7jsgVCq1bkVygt00oASowB7EdtpOHaaPgKt812P9ab+DDKA==}
    engines: {node: ^8.16.0 || ^10.6.0 || >=11.0.0}
    os: [darwin]
    requiresBuild: true
    optional: true

  /graceful-fs@4.2.8:
    resolution: {integrity: sha512-qkIilPUYcNhJpd33n0GBXTB1MMPp14TxEsEs0pTrsSVucApsYzW5V+Q8Qxhik6KU3evy+qkAAowTByymK0avdg==}
    requiresBuild: true
    optional: true

  /image-size@0.5.5:
    resolution: {integrity: sha512-6TDAlDPZxUFCv+fuOkIoXT/V/f3Qbq8e37p+YOiYrUv3v9cc3/6x78VdfPgFVaB9dZYeLUfKgHRebpkm/oP2VQ==}
    engines: {node: '>=0.10.0'}
    hasBin: true
    requiresBuild: true
    optional: true

  /magic-string@0.25.7:
    resolution: {integrity: sha512-4CrMT5DOHTDk4HYDlzmwu4FVCcIYI8gauveasrdCu2IKIFOJ3f0v/8MDGJCDL9oD2ppz/Av1b0Nj345H9M+XIA==}
    dependencies:
      sourcemap-codec: 1.4.8
    dev: false

  /make-dir@2.1.0:
    resolution: {integrity: sha512-LS9X+dc8KLxXCb8dni79fLIIUA5VyZoyjSMCwTluaXA0o27cCK0bhXkpgw+sTXVpPy/lSO57ilRixqk0vDmtRA==}
    engines: {node: '>=6'}
    requiresBuild: true
    dependencies:
      pify: registry.nlark.com/pify@4.0.1
      semver: registry.nlark.com/semver@5.7.1
    optional: true

  /mime@1.6.0:
    resolution: {integrity: sha512-x0Vn8spI+wuJ1O6S7gnbaQg8Pxh4NNHb7KSINmEWKiPE4RKOplvijn+NkmYmmRgP68mc70j2EbeTFRsrswaQeg==}
    engines: {node: '>=4'}
    hasBin: true
    requiresBuild: true
    optional: true

  /nanoid@3.3.6:
    resolution: {integrity: sha512-BGcqMMJuToF7i1rt+2PWSNVnWIkGCU78jBG3RxO/bZlnZPK2Cmi2QaffxGO/2RvWi9sL+FAiRiXMgsyxQ1DIDA==}
    engines: {node: ^10 || ^12 || ^13.7 || ^14 || >=15.0.1}
    hasBin: true

  /needle@2.9.1:
    resolution: {integrity: sha512-6R9fqJ5Zcmf+uYaFgdIHmLwNldn5HbK8L5ybn7Uz+ylX/rnOsSp1AHcvQSrCaFN+qNM1wpymHqD7mVasEOlHGQ==}
    engines: {node: '>= 4.4.x'}
    hasBin: true
    requiresBuild: true
    dependencies:
      debug: registry.npmmirror.com/debug@3.2.7
      iconv-lite: registry.npmmirror.com/iconv-lite@0.4.24
      sax: registry.nlark.com/sax@1.2.4
    transitivePeerDependencies:
      - supports-color
    optional: true

  /picocolors@1.0.0:
    resolution: {integrity: sha512-1fygroTLlHu66zi26VoTDv8yRgm0Fccecssto+MhsZ0D/DGW2sm8E8AjW7NU5VVTRt5GxbeZ5qBuJr+HyLYkjQ==}

  /postcss@8.4.31:
    resolution: {integrity: sha512-PS08Iboia9mts/2ygV3eLpY5ghnUcfLV/EXTOW1E2qYxJKGGBUtNjN76FYHnMs36RmARn41bC0AZmn+rR0OVpQ==}
    engines: {node: ^10 || ^12 || >=14}
    dependencies:
      nanoid: 3.3.6
      picocolors: 1.0.0
      source-map-js: 1.0.2

  /source-map-js@1.0.2:
    resolution: {integrity: sha512-R0XvVJ9WusLiqTCEiGCmICCMplcCkIwwR11mOSD9CR5u+IXYdiseeEuXCVAjS54zqwkLcPNnmU4OeJ6tUrWhDw==}
    engines: {node: '>=0.10.0'}

  /source-map@0.6.1:
    resolution: {integrity: sha512-UjgapumWlbMhkBgzT7Ykc5YXUT46F0iKu8SGXq0bcwP5dz/h0Plj6enJqjz1Zbq2l5WaqYnrVbwWOWMyF3F47g==}
    engines: {node: '>=0.10.0'}

  /sourcemap-codec@1.4.8:
    resolution: {integrity: sha512-9NykojV5Uih4lgo5So5dtw+f0JgJX30KCNI8gwhz2J9A15wD0Ml6tjHKwf6fTSa6fAdVBdZeNOs9eJ71qCk8vA==}
    deprecated: Please use @jridgewell/sourcemap-codec instead
    dev: false

  /to-fast-properties@2.0.0:
    resolution: {integrity: sha512-/OaKK0xYrs3DmxRYqL/yDc+FxFUVYhDlXMhRmv3z915w2HF1tnN1omB354j8VUGO/hbRzyD6Y3sA7v7GS/ceog==}
    engines: {node: '>=4'}
    dev: false

  registry.nlark.com/@ant-design/colors@5.1.1:
    resolution: {integrity: sha1-gAshhrHifmZDLmfQPtlq8+IdiUA=, registry: https://registry.npmjs.org/, tarball: https://registry.nlark.com/@ant-design/colors/download/@ant-design/colors-5.1.1.tgz}
    name: '@ant-design/colors'
    version: 5.1.1
    dependencies:
      '@ctrl/tinycolor': registry.nlark.com/@ctrl/tinycolor@3.4.0
    dev: false

  registry.nlark.com/@ant-design/colors@6.0.0:
    resolution: {integrity: sha1-m5NmJXz/zEfbQrnQIDu1ksE8Apg=, registry: https://registry.npmjs.org/, tarball: https://registry.nlark.com/@ant-design/colors/download/@ant-design/colors-6.0.0.tgz}
    name: '@ant-design/colors'
    version: 6.0.0
    dependencies:
      '@ctrl/tinycolor': registry.nlark.com/@ctrl/tinycolor@3.4.0
    dev: false

  registry.nlark.com/@ant-design/icons-vue@6.0.1(vue@3.2.21):
    resolution: {integrity: sha1-nYBMPHTSz6+XyxjlgtO5QAk09f0=, registry: https://registry.npmjs.org/, tarball: https://registry.nlark.com/@ant-design/icons-vue/download/@ant-design/icons-vue-6.0.1.tgz}
    id: registry.nlark.com/@ant-design/icons-vue/6.0.1
    name: '@ant-design/icons-vue'
    version: 6.0.1
    peerDependencies:
      vue: '>=3.0.3'
    dependencies:
      '@ant-design/colors': registry.nlark.com/@ant-design/colors@5.1.1
      '@ant-design/icons-svg': registry.npmmirror.com/@ant-design/icons-svg@4.2.1
      '@types/lodash': registry.npmmirror.com/@types/lodash@4.14.176
      lodash: registry.nlark.com/lodash@4.17.21
      vue: registry.npmmirror.com/vue@3.2.21
    dev: false

  registry.nlark.com/@ctrl/tinycolor@3.4.0:
    resolution: {integrity: sha1-w8WuVDyJfKqcKmhjC+01W+X5mQ8=, registry: https://registry.npmjs.org/, tarball: https://registry.nlark.com/@ctrl/tinycolor/download/@ctrl/tinycolor-3.4.0.tgz}
    name: '@ctrl/tinycolor'
    version: 3.4.0
    engines: {node: '>=10'}
    dev: false

  registry.nlark.com/@simonwep/pickr@1.8.2:
    resolution: {integrity: sha1-ltyGZ1lA18rWPWnCIIPdHLuXl8s=, registry: https://registry.npmjs.org/, tarball: https://registry.nlark.com/@simonwep/pickr/download/@simonwep/pickr-1.8.2.tgz}
    name: '@simonwep/pickr'
    version: 1.8.2
    dependencies:
      core-js: registry.npmmirror.com/core-js@3.19.1
      nanopop: registry.nlark.com/nanopop@2.1.0
    dev: false

  registry.nlark.com/array-tree-filter@2.1.0:
    resolution: {integrity: sha1-hzrAD+yDdJ8lWsjdCDgUtPYykZA=, registry: https://registry.npmjs.org/, tarball: https://registry.nlark.com/array-tree-filter/download/array-tree-filter-2.1.0.tgz}
    name: array-tree-filter
    version: 2.1.0
    dev: false

  registry.nlark.com/compute-scroll-into-view@1.0.17:
    resolution: {integrity: sha1-aojxis2dQunPS6pr7H4FImB6t6s=, registry: https://registry.npmjs.org/, tarball: https://registry.nlark.com/compute-scroll-into-view/download/compute-scroll-into-view-1.0.17.tgz}
    name: compute-scroll-into-view
    version: 1.0.17
    dev: false

  registry.nlark.com/copy-anything@2.0.3:
    resolution: {integrity: sha1-hCQHugJGaw34RIGbvjuuu+XUXYc=, registry: https://registry.npmjs.org/, tarball: https://registry.nlark.com/copy-anything/download/copy-anything-2.0.3.tgz}
    name: copy-anything
    version: 2.0.3
    dependencies:
      is-what: registry.npmmirror.com/is-what@3.14.1

  registry.nlark.com/csstype@2.6.18:
    resolution: {integrity: sha1-mAqLUwhfNK8xNBCvBk8r0kF4Qhg=, registry: https://registry.npmjs.org/, tarball: https://registry.nlark.com/csstype/download/csstype-2.6.18.tgz}
    name: csstype
    version: 2.6.18
    dev: false

  registry.nlark.com/dayjs@1.10.7:
    resolution: {integrity: sha1-LPX5Gt0oEWdIRAhmoKHSbzps5Gg=, registry: https://registry.npmjs.org/, tarball: https://registry.nlark.com/dayjs/download/dayjs-1.10.7.tgz}
    name: dayjs
    version: 1.10.7
    dev: false

  registry.nlark.com/dom-align@1.12.2:
    resolution: {integrity: sha1-D4Fk69DJwhsMeQMQSTzYVYkqzUs=, registry: https://registry.npmjs.org/, tarball: https://registry.nlark.com/dom-align/download/dom-align-1.12.2.tgz}
    name: dom-align
    version: 1.12.2
    dev: false

  registry.nlark.com/dom-scroll-into-view@2.0.1:
    resolution: {integrity: sha1-DezIUigB/Y0/HGujVadNOCxfmJs=, registry: https://registry.npmjs.org/, tarball: https://registry.nlark.com/dom-scroll-into-view/download/dom-scroll-into-view-2.0.1.tgz}
    name: dom-scroll-into-view
    version: 2.0.1
    dev: false

  registry.nlark.com/estree-walker@2.0.2:
    resolution: {integrity: sha1-UvAQF4wqTBF6d1fP6UKtt9LaTKw=, registry: https://registry.npmjs.org/, tarball: https://registry.nlark.com/estree-walker/download/estree-walker-2.0.2.tgz}
    name: estree-walker
    version: 2.0.2
    dev: false

  registry.nlark.com/function-bind@1.1.1:
    resolution: {integrity: sha1-pWiZ0+o8m6uHS7l3O3xe3pL0iV0=, registry: https://registry.npmjs.org/, tarball: https://registry.nlark.com/function-bind/download/function-bind-1.1.1.tgz}
    name: function-bind
    version: 1.1.1

  registry.nlark.com/has@1.0.3:
    resolution: {integrity: sha1-ci18v8H2qoJB8W3YFOAR4fQeh5Y=, registry: https://registry.npmjs.org/, tarball: https://registry.nlark.com/has/download/has-1.0.3.tgz}
    name: has
    version: 1.0.3
    engines: {node: '>= 0.4.0'}
    dependencies:
      function-bind: registry.nlark.com/function-bind@1.1.1

  registry.nlark.com/js-tokens@4.0.0:
    resolution: {integrity: sha1-GSA/tZmR35jjoocFDUZHzerzJJk=, registry: https://registry.npmjs.org/, tarball: https://registry.nlark.com/js-tokens/download/js-tokens-4.0.0.tgz}
    name: js-tokens
    version: 4.0.0
    dev: false

  registry.nlark.com/lodash-es@4.17.21:
    resolution: {integrity: sha1-Q+YmxG5lkbd1C+srUBFzkMYJ4+4=, registry: https://registry.npmjs.org/, tarball: https://registry.nlark.com/lodash-es/download/lodash-es-4.17.21.tgz}
    name: lodash-es
    version: 4.17.21
    dev: false

  registry.nlark.com/lodash@4.17.21:
    resolution: {integrity: sha1-Z5WRxWTDv/quhFTPCz3zcMPWkRw=, registry: https://registry.npmjs.org/, tarball: https://registry.nlark.com/lodash/download/lodash-4.17.21.tgz?cache=0&other_urls=https%3A%2F%2Fregistry.nlark.com%2Flodash%2Fdownload%2Flodash-4.17.21.tgz}
    name: lodash
    version: 4.17.21
    dev: false

  registry.nlark.com/loose-envify@1.4.0:
    resolution: {integrity: sha1-ce5R+nvkyuwaY4OffmgtgTLTDK8=, registry: https://registry.npmjs.org/, tarball: https://registry.nlark.com/loose-envify/download/loose-envify-1.4.0.tgz}
    name: loose-envify
    version: 1.4.0
    hasBin: true
    dependencies:
      js-tokens: registry.nlark.com/js-tokens@4.0.0
    dev: false

  registry.nlark.com/magic-string@0.25.7:
    resolution: {integrity: sha1-P0l9b9NMZpxnmNy4IfLvMfVEUFE=, registry: https://registry.npmjs.org/, tarball: https://registry.nlark.com/magic-string/download/magic-string-0.25.7.tgz}
    name: magic-string
    version: 0.25.7
    dependencies:
      sourcemap-codec: registry.nlark.com/sourcemap-codec@1.4.8
    dev: false

  registry.nlark.com/nanopop@2.1.0:
    resolution: {integrity: sha1-I0dlE87iQFiIr9LopLVAZrcLnmA=, registry: https://registry.npmjs.org/, tarball: https://registry.nlark.com/nanopop/download/nanopop-2.1.0.tgz}
    name: nanopop
    version: 2.1.0
    dev: false

  registry.nlark.com/parse-node-version@1.0.1:
    resolution: {integrity: sha1-4rXb7eAOf6m8NjYH9TMn6LBzGJs=, registry: https://registry.npmjs.org/, tarball: https://registry.nlark.com/parse-node-version/download/parse-node-version-1.0.1.tgz}
    name: parse-node-version
    version: 1.0.1
    engines: {node: '>= 0.10'}

  registry.nlark.com/path-parse@1.0.7:
    resolution: {integrity: sha1-+8EUtgykKzDZ2vWFjkvWi77bZzU=, registry: https://registry.npmjs.org/, tarball: https://registry.nlark.com/path-parse/download/path-parse-1.0.7.tgz}
    name: path-parse
    version: 1.0.7

  registry.nlark.com/pify@4.0.1:
    resolution: {integrity: sha1-SyzSXFDVmHNcUCkiJP2MbfQeMjE=, registry: https://registry.npmjs.org/, tarball: https://registry.nlark.com/pify/download/pify-4.0.1.tgz}
    name: pify
    version: 4.0.1
    engines: {node: '>=6'}
    requiresBuild: true
    optional: true

  registry.nlark.com/prr@1.0.1:
    resolution: {integrity: sha1-0/wRS6BplaRexok/SEzrHXj19HY=, registry: https://registry.npmjs.org/, tarball: https://registry.nlark.com/prr/download/prr-1.0.1.tgz}
    name: prr
    version: 1.0.1
    requiresBuild: true
    optional: true

  registry.nlark.com/regenerator-runtime@0.13.9:
    resolution: {integrity: sha1-iSV0Kpj/2QgUmI11Zq0wyjsmO1I=, registry: https://registry.npmjs.org/, tarball: https://registry.nlark.com/regenerator-runtime/download/regenerator-runtime-0.13.9.tgz}
    name: regenerator-runtime
    version: 0.13.9
    dev: false

  registry.nlark.com/resize-observer-polyfill@1.5.1:
    resolution: {integrity: sha1-DpAg3T0hAkRY1OvSfiPkAmmBBGQ=, registry: https://registry.npmjs.org/, tarball: https://registry.nlark.com/resize-observer-polyfill/download/resize-observer-polyfill-1.5.1.tgz}
    name: resize-observer-polyfill
    version: 1.5.1
    dev: false

  registry.nlark.com/resolve@1.20.0:
    resolution: {integrity: sha1-YpoBP7P3B1XW8LeTXMHCxTeLGXU=, registry: https://registry.npmjs.org/, tarball: https://registry.nlark.com/resolve/download/resolve-1.20.0.tgz?cache=0&sync_timestamp=1631501917799&other_urls=https%3A%2F%2Fregistry.nlark.com%2Fresolve%2Fdownload%2Fresolve-1.20.0.tgz}
    name: resolve
    version: 1.20.0
    dependencies:
      is-core-module: registry.npmmirror.com/is-core-module@2.8.0
      path-parse: registry.nlark.com/path-parse@1.0.7

  registry.nlark.com/safer-buffer@2.1.2:
    resolution: {integrity: sha1-RPoWGwGHuVSd2Eu5GAL5vYOFzWo=, registry: https://registry.npmjs.org/, tarball: https://registry.nlark.com/safer-buffer/download/safer-buffer-2.1.2.tgz}
    name: safer-buffer
    version: 2.1.2
    requiresBuild: true
    optional: true

  registry.nlark.com/sax@1.2.4:
    resolution: {integrity: sha1-KBYjTiN4vdxOU1T6tcqold9xANk=, registry: https://registry.npmjs.org/, tarball: https://registry.nlark.com/sax/download/sax-1.2.4.tgz}
    name: sax
    version: 1.2.4
    requiresBuild: true
    optional: true

  registry.nlark.com/scroll-into-view-if-needed@2.2.28:
    resolution: {integrity: sha1-WhWy9YpSZCyIyOylhGROAXA9ZFo=, registry: https://registry.npmjs.org/, tarball: https://registry.nlark.com/scroll-into-view-if-needed/download/scroll-into-view-if-needed-2.2.28.tgz}
    name: scroll-into-view-if-needed
    version: 2.2.28
    dependencies:
      compute-scroll-into-view: registry.nlark.com/compute-scroll-into-view@1.0.17
    dev: false

  registry.nlark.com/semver@5.7.1:
    resolution: {integrity: sha1-qVT5Ma66UI0we78Gnv8MAclhFvc=, registry: https://registry.npmjs.org/, tarball: https://registry.nlark.com/semver/download/semver-5.7.1.tgz?cache=0&sync_timestamp=1631500167672&other_urls=https%3A%2F%2Fregistry.nlark.com%2Fsemver%2Fdownload%2Fsemver-5.7.1.tgz}
    name: semver
    version: 5.7.1
    hasBin: true
    requiresBuild: true
    optional: true

  registry.nlark.com/shallow-equal@1.2.1:
    resolution: {integrity: sha1-TBar+lYEOqINBQMk76aJQLDaedo=, registry: https://registry.npmjs.org/, tarball: https://registry.nlark.com/shallow-equal/download/shallow-equal-1.2.1.tgz}
    name: shallow-equal
    version: 1.2.1
    dev: false

  registry.nlark.com/sourcemap-codec@1.4.8:
    resolution: {integrity: sha1-6oBL2UhXQC5pktBaOO8a41qatMQ=, registry: https://registry.npmjs.org/, tarball: https://registry.nlark.com/sourcemap-codec/download/sourcemap-codec-1.4.8.tgz}
    name: sourcemap-codec
    version: 1.4.8
    dev: false

  registry.nlark.com/tslib@2.3.1:
    resolution: {integrity: sha1-6KM1rdXOrlGqJh0ypJAVjvBC7wE=, registry: https://registry.npmjs.org/, tarball: https://registry.nlark.com/tslib/download/tslib-2.3.1.tgz}
    name: tslib
    version: 2.3.1

  registry.nlark.com/warning@4.0.3:
    resolution: {integrity: sha1-Fungd+uKhtavfWSqHgX9hbRnjKM=, registry: https://registry.npmjs.org/, tarball: https://registry.nlark.com/warning/download/warning-4.0.3.tgz}
    name: warning
    version: 4.0.3
    dependencies:
      loose-envify: registry.nlark.com/loose-envify@1.4.0
    dev: false

  registry.npm.taobao.org/is-plain-object@3.0.1:
    resolution: {integrity: sha1-Zi2S0kwKpDAkB7DUXSHyJRyF+Fs=, registry: https://registry.npmjs.org/, tarball: https://registry.npm.taobao.org/is-plain-object/download/is-plain-object-3.0.1.tgz}
    name: is-plain-object
    version: 3.0.1
    engines: {node: '>=0.10.0'}
    dev: false

  registry.npmmirror.com/@ant-design/icons-svg@4.2.1:
    resolution: {integrity: sha1-hjDajrRHGkqr2u19H/apfcss8Fo=, registry: https://registry.npmjs.org/, tarball: https://registry.npmmirror.com/@ant-design/icons-svg/download/@ant-design/icons-svg-4.2.1.tgz}
    name: '@ant-design/icons-svg'
    version: 4.2.1
    dev: false

  registry.npmmirror.com/@babel/parser@7.16.2:
    resolution: {integrity: sha1-NyPNXI2Hc+75bOV+odm3+qzNEqw=, registry: https://registry.npmjs.org/, tarball: https://registry.npmmirror.com/@babel/parser/download/@babel/parser-7.16.2.tgz}
    name: '@babel/parser'
    version: 7.16.2
    engines: {node: '>=6.0.0'}
    hasBin: true
    dependencies:
      '@babel/types': 7.23.0
    dev: false

  registry.npmmirror.com/@babel/runtime@7.16.0:
    resolution: {integrity: sha1-4nuXfy4giLokdIv5m14d7OZOTws=, registry: https://registry.npmjs.org/, tarball: https://registry.npmmirror.com/@babel/runtime/download/@babel/runtime-7.16.0.tgz}
    name: '@babel/runtime'
    version: 7.16.0
    engines: {node: '>=6.9.0'}
    dependencies:
      regenerator-runtime: registry.nlark.com/regenerator-runtime@0.13.9
    dev: false

  registry.npmmirror.com/@types/lodash@4.14.176:
    resolution: {integrity: sha1-ZBFQ/BzaNvv6Mp3mA7uxddfuIMA=, registry: https://registry.npmjs.org/, tarball: https://registry.npmmirror.com/@types/lodash/download/@types/lodash-4.14.176.tgz}
    name: '@types/lodash'
    version: 4.14.176
    dev: false

  registry.npmmirror.com/@vitejs/plugin-vue@1.9.4(vite@2.6.13):
    resolution: {integrity: sha1-T0hIVDLLuYap+50lTcM84w3cy/o=, registry: https://registry.npmjs.org/, tarball: https://registry.npmmirror.com/@vitejs/plugin-vue/download/@vitejs/plugin-vue-1.9.4.tgz?cache=0&sync_timestamp=1635477969996&other_urls=https%3A%2F%2Fregistry.npmmirror.com%2F%40vitejs%2Fplugin-vue%2Fdownload%2F%40vitejs%2Fplugin-vue-1.9.4.tgz}
    id: registry.npmmirror.com/@vitejs/plugin-vue/1.9.4
    name: '@vitejs/plugin-vue'
    version: 1.9.4
    engines: {node: '>=12.0.0'}
    peerDependencies:
      vite: ^2.5.10
    dependencies:
      vite: registry.npmmirror.com/vite@2.6.13(less@4.1.2)
    dev: true

  registry.npmmirror.com/@vue/compiler-core@3.2.21:
    resolution: {integrity: sha1-JlZsMrKtg4GZ1HHvXfYgqDhG8k4=, registry: https://registry.npmjs.org/, tarball: https://registry.npmmirror.com/@vue/compiler-core/download/@vue/compiler-core-3.2.21.tgz}
    name: '@vue/compiler-core'
    version: 3.2.21
    dependencies:
      '@babel/parser': registry.npmmirror.com/@babel/parser@7.16.2
      '@vue/shared': registry.npmmirror.com/@vue/shared@3.2.21
      estree-walker: registry.nlark.com/estree-walker@2.0.2
      source-map: 0.6.1
    dev: false

  registry.npmmirror.com/@vue/compiler-dom@3.2.21:
    resolution: {integrity: sha1-1vbIU2TviIj5xOkSK/uhHnj7OYw=, registry: https://registry.npmjs.org/, tarball: https://registry.npmmirror.com/@vue/compiler-dom/download/@vue/compiler-dom-3.2.21.tgz}
    name: '@vue/compiler-dom'
    version: 3.2.21
    dependencies:
      '@vue/compiler-core': registry.npmmirror.com/@vue/compiler-core@3.2.21
      '@vue/shared': registry.npmmirror.com/@vue/shared@3.2.21
    dev: false

  registry.npmmirror.com/@vue/compiler-sfc@3.2.21:
    resolution: {integrity: sha1-QmOe5J5yWvt9jx0ZQOddwXpWACw=, registry: https://registry.npmjs.org/, tarball: https://registry.npmmirror.com/@vue/compiler-sfc/download/@vue/compiler-sfc-3.2.21.tgz}
    name: '@vue/compiler-sfc'
    version: 3.2.21
    dependencies:
      '@babel/parser': registry.npmmirror.com/@babel/parser@7.16.2
      '@vue/compiler-core': registry.npmmirror.com/@vue/compiler-core@3.2.21
      '@vue/compiler-dom': registry.npmmirror.com/@vue/compiler-dom@3.2.21
      '@vue/compiler-ssr': registry.npmmirror.com/@vue/compiler-ssr@3.2.21
      '@vue/ref-transform': registry.npmmirror.com/@vue/ref-transform@3.2.21
      '@vue/shared': registry.npmmirror.com/@vue/shared@3.2.21
      estree-walker: registry.nlark.com/estree-walker@2.0.2
      magic-string: registry.nlark.com/magic-string@0.25.7
      postcss: 8.4.31
      source-map: 0.6.1
    dev: false

  registry.npmmirror.com/@vue/compiler-ssr@3.2.21:
    resolution: {integrity: sha1-N9Ek+J6K3vn9VrhXdd5LUxCgQ24=, registry: https://registry.npmjs.org/, tarball: https://registry.npmmirror.com/@vue/compiler-ssr/download/@vue/compiler-ssr-3.2.21.tgz}
    name: '@vue/compiler-ssr'
    version: 3.2.21
    dependencies:
      '@vue/compiler-dom': registry.npmmirror.com/@vue/compiler-dom@3.2.21
      '@vue/shared': registry.npmmirror.com/@vue/shared@3.2.21
    dev: false

  registry.npmmirror.com/@vue/devtools-api@6.0.0-beta.20:
    resolution: {integrity: sha1-tUBcmoT7RGh9BefEx4VLFjkUEQY=, registry: https://registry.npmjs.org/, tarball: https://registry.npmmirror.com/@vue/devtools-api/download/@vue/devtools-api-6.0.0-beta.20.tgz}
    name: '@vue/devtools-api'
    version: 6.0.0-beta.20
    dev: false

  registry.npmmirror.com/@vue/reactivity@3.2.21:
    resolution: {integrity: sha1-BzrRRBku14oH4VHpWjuqUV5AmaI=, registry: https://registry.npmjs.org/, tarball: https://registry.npmmirror.com/@vue/reactivity/download/@vue/reactivity-3.2.21.tgz}
    name: '@vue/reactivity'
    version: 3.2.21
    dependencies:
      '@vue/shared': registry.npmmirror.com/@vue/shared@3.2.21
    dev: false

  registry.npmmirror.com/@vue/ref-transform@3.2.21:
    resolution: {integrity: sha1-sMVUyfZAw/AF935nYGaqD6upCYQ=, registry: https://registry.npmjs.org/, tarball: https://registry.npmmirror.com/@vue/ref-transform/download/@vue/ref-transform-3.2.21.tgz?cache=0&sync_timestamp=1635836411259&other_urls=https%3A%2F%2Fregistry.npmmirror.com%2F%40vue%2Fref-transform%2Fdownload%2F%40vue%2Fref-transform-3.2.21.tgz}
    name: '@vue/ref-transform'
    version: 3.2.21
    dependencies:
      '@babel/parser': registry.npmmirror.com/@babel/parser@7.16.2
      '@vue/compiler-core': registry.npmmirror.com/@vue/compiler-core@3.2.21
      '@vue/shared': registry.npmmirror.com/@vue/shared@3.2.21
      estree-walker: registry.nlark.com/estree-walker@2.0.2
      magic-string: registry.nlark.com/magic-string@0.25.7
    dev: false

  registry.npmmirror.com/@vue/runtime-core@3.2.21:
    resolution: {integrity: sha1-4S2sjDiTt66/w34yBmcY2KpoasU=, registry: https://registry.npmjs.org/, tarball: https://registry.npmmirror.com/@vue/runtime-core/download/@vue/runtime-core-3.2.21.tgz}
    name: '@vue/runtime-core'
    version: 3.2.21
    dependencies:
      '@vue/reactivity': registry.npmmirror.com/@vue/reactivity@3.2.21
      '@vue/shared': registry.npmmirror.com/@vue/shared@3.2.21
    dev: false

  registry.npmmirror.com/@vue/runtime-dom@3.2.21:
    resolution: {integrity: sha1-M90VvIUoHncxd6MNxpMcKUvXeqE=, registry: https://registry.npmjs.org/, tarball: https://registry.npmmirror.com/@vue/runtime-dom/download/@vue/runtime-dom-3.2.21.tgz}
    name: '@vue/runtime-dom'
    version: 3.2.21
    dependencies:
      '@vue/runtime-core': registry.npmmirror.com/@vue/runtime-core@3.2.21
      '@vue/shared': registry.npmmirror.com/@vue/shared@3.2.21
      csstype: registry.nlark.com/csstype@2.6.18
    dev: false

  registry.npmmirror.com/@vue/server-renderer@3.2.21(vue@3.2.21):
    resolution: {integrity: sha1-iH0KRN529yMTz/JoaiTAMVIx1jQ=, registry: https://registry.npmjs.org/, tarball: https://registry.npmmirror.com/@vue/server-renderer/download/@vue/server-renderer-3.2.21.tgz}
    id: registry.npmmirror.com/@vue/server-renderer/3.2.21
    name: '@vue/server-renderer'
    version: 3.2.21
    peerDependencies:
      vue: 3.2.21
    dependencies:
      '@vue/compiler-ssr': registry.npmmirror.com/@vue/compiler-ssr@3.2.21
      '@vue/shared': registry.npmmirror.com/@vue/shared@3.2.21
      vue: registry.npmmirror.com/vue@3.2.21
    dev: false

  registry.npmmirror.com/@vue/shared@3.2.21:
    resolution: {integrity: sha1-TNgMDmLPZaetqyRJ6GtvDLM6Ews=, registry: https://registry.npmjs.org/, tarball: https://registry.npmmirror.com/@vue/shared/download/@vue/shared-3.2.21.tgz}
    name: '@vue/shared'
    version: 3.2.21
    dev: false

  registry.npmmirror.com/ant-design-vue@3.0.0-alpha.10(@vue/compiler-sfc@3.2.21)(vue@3.2.21):
    resolution: {integrity: sha1-V15FumNWZKge1VAuebx1t3/l3WE=, registry: https://registry.npmjs.org/, tarball: https://registry.npmmirror.com/ant-design-vue/download/ant-design-vue-3.0.0-alpha.10.tgz?cache=0&sync_timestamp=1636098360057&other_urls=https%3A%2F%2Fregistry.npmmirror.com%2Fant-design-vue%2Fdownload%2Fant-design-vue-3.0.0-alpha.10.tgz}
    id: registry.npmmirror.com/ant-design-vue/3.0.0-alpha.10
    name: ant-design-vue
    version: 3.0.0-alpha.10
    peerDependencies:
      '@vue/compiler-sfc': '>=3.1.0'
      vue: '>=3.1.0'
    dependencies:
      '@ant-design/colors': registry.nlark.com/@ant-design/colors@6.0.0
      '@ant-design/icons-vue': registry.nlark.com/@ant-design/icons-vue@6.0.1(vue@3.2.21)
      '@babel/runtime': registry.npmmirror.com/@babel/runtime@7.16.0
      '@simonwep/pickr': registry.nlark.com/@simonwep/pickr@1.8.2
      '@vue/compiler-sfc': 3.2.21
      array-tree-filter: registry.nlark.com/array-tree-filter@2.1.0
      async-validator: registry.npmmirror.com/async-validator@4.0.7
      dayjs: registry.nlark.com/dayjs@1.10.7
      dom-align: registry.nlark.com/dom-align@1.12.2
      dom-scroll-into-view: registry.nlark.com/dom-scroll-into-view@2.0.1
      lodash: registry.nlark.com/lodash@4.17.21
      lodash-es: registry.nlark.com/lodash-es@4.17.21
      resize-observer-polyfill: registry.nlark.com/resize-observer-polyfill@1.5.1
      scroll-into-view-if-needed: registry.nlark.com/scroll-into-view-if-needed@2.2.28
      shallow-equal: registry.nlark.com/shallow-equal@1.2.1
      vue: registry.npmmirror.com/vue@3.2.21
      vue-types: registry.npmmirror.com/vue-types@3.0.2(vue@3.2.21)
      warning: registry.nlark.com/warning@4.0.3
    dev: false

  registry.npmmirror.com/async-validator@4.0.7:
    resolution: {integrity: sha1-A0oP0hA6ay6/AQ2nUYO+wpkkev4=, registry: https://registry.npmjs.org/, tarball: https://registry.npmmirror.com/async-validator/download/async-validator-4.0.7.tgz}
    name: async-validator
    version: 4.0.7
    dev: false

  registry.npmmirror.com/core-js@3.19.1:
    resolution: {integrity: sha1-9vFzyuI+c6fYj6I7bp2jKSdsZkE=, registry: https://registry.npmjs.org/, tarball: https://registry.npmmirror.com/core-js/download/core-js-3.19.1.tgz?cache=0&sync_timestamp=1635902464849&other_urls=https%3A%2F%2Fregistry.npmmirror.com%2Fcore-js%2Fdownload%2Fcore-js-3.19.1.tgz}
    name: core-js
    version: 3.19.1
    requiresBuild: true
    dev: false

  registry.npmmirror.com/debug@3.2.7:
    resolution: {integrity: sha1-clgLfpFF+zm2Z2+cXl+xALk0F5o=, registry: https://registry.npmjs.org/, tarball: https://registry.npmmirror.com/debug/download/debug-3.2.7.tgz?cache=0&sync_timestamp=1636330707776&other_urls=https%3A%2F%2Fregistry.npmmirror.com%2Fdebug%2Fdownload%2Fdebug-3.2.7.tgz}
    name: debug
    version: 3.2.7
    requiresBuild: true
    peerDependencies:
      supports-color: '*'
    peerDependenciesMeta:
      supports-color:
        optional: true
    dependencies:
      ms: registry.npmmirror.com/ms@2.1.3
    optional: true

  registry.npmmirror.com/esbuild@0.13.12:
    resolution: {integrity: sha1-nKxkFZS/A880FFJYwJPXQ+u958o=, registry: https://registry.npmjs.org/, tarball: https://registry.npmmirror.com/esbuild/download/esbuild-0.13.12.tgz}
    name: esbuild
    version: 0.13.12
    hasBin: true
    requiresBuild: true
    optionalDependencies:
      esbuild-android-arm64: 0.13.12
      esbuild-darwin-64: 0.13.12
      esbuild-darwin-arm64: 0.13.12
      esbuild-freebsd-64: 0.13.12
      esbuild-freebsd-arm64: 0.13.12
      esbuild-linux-32: 0.13.12
      esbuild-linux-64: 0.13.12
      esbuild-linux-arm: 0.13.12
      esbuild-linux-arm64: 0.13.12
      esbuild-linux-mips64le: 0.13.12
      esbuild-linux-ppc64le: 0.13.12
      esbuild-netbsd-64: 0.13.12
      esbuild-openbsd-64: 0.13.12
      esbuild-sunos-64: 0.13.12
      esbuild-windows-32: 0.13.12
      esbuild-windows-64: 0.13.12
      esbuild-windows-arm64: 0.13.12

  registry.npmmirror.com/gl-matrix@3.4.3:
    resolution: {integrity: sha1-/BGR6DIACf1NIOkzlZXGBB3cIsk=, registry: https://registry.npmjs.org/, tarball: https://registry.npmmirror.com/gl-matrix/download/gl-matrix-3.4.3.tgz}
    name: gl-matrix
    version: 3.4.3
    dev: false

  registry.npmmirror.com/iconv-lite@0.4.24:
    resolution: {integrity: sha1-ICK0sl+93CHS9SSXSkdKr+czkIs=, registry: https://registry.npmjs.org/, tarball: https://registry.npmmirror.com/iconv-lite/download/iconv-lite-0.4.24.tgz}
    name: iconv-lite
    version: 0.4.24
    engines: {node: '>=0.10.0'}
    requiresBuild: true
    dependencies:
      safer-buffer: registry.nlark.com/safer-buffer@2.1.2
    optional: true

  registry.npmmirror.com/is-core-module@2.8.0:
    resolution: {integrity: sha1-AyEzbD0JJeSX/Zf12VyxFKXM1Ug=, registry: https://registry.npmjs.org/, tarball: https://registry.npmmirror.com/is-core-module/download/is-core-module-2.8.0.tgz}
    name: is-core-module
    version: 2.8.0
    dependencies:
      has: registry.nlark.com/has@1.0.3

  registry.npmmirror.com/is-what@3.14.1:
    resolution: {integrity: sha1-4SIvRt3ahd6tD9HJ3xMXYOd3VcE=, registry: https://registry.npmjs.org/, tarball: https://registry.npmmirror.com/is-what/download/is-what-3.14.1.tgz}
    name: is-what
    version: 3.14.1

  registry.npmmirror.com/less@4.1.2:
    resolution: {integrity: sha1-YJnuWEmZdQwmJLZfgBRfhnTktLA=, registry: https://registry.npmjs.org/, tarball: https://registry.npmmirror.com/less/download/less-4.1.2.tgz}
    name: less
    version: 4.1.2
    engines: {node: '>=6'}
    hasBin: true
    dependencies:
      copy-anything: registry.nlark.com/copy-anything@2.0.3
      parse-node-version: registry.nlark.com/parse-node-version@1.0.1
      tslib: registry.nlark.com/tslib@2.3.1
    optionalDependencies:
      errno: 0.1.8
      graceful-fs: 4.2.8
      image-size: 0.5.5
      make-dir: 2.1.0
      mime: 1.6.0
      needle: 2.9.1
      source-map: 0.6.1
    transitivePeerDependencies:
      - supports-color

  registry.npmmirror.com/ms@2.1.3:
    resolution: {integrity: sha1-V0yBOM4dK1hh8LRFedut1gxmFbI=, registry: https://registry.npmjs.org/, tarball: https://registry.npmmirror.com/ms/download/ms-2.1.3.tgz}
    name: ms
    version: 2.1.3
    requiresBuild: true
    optional: true

  registry.npmmirror.com/rollup@2.59.0:
    resolution: {integrity: sha1-EIxhsPoKN+vI0fFk8oFiIFbw21k=, registry: https://registry.npmjs.org/, tarball: https://registry.npmmirror.com/rollup/download/rollup-2.59.0.tgz?cache=0&sync_timestamp=1635762026063&other_urls=https%3A%2F%2Fregistry.npmmirror.com%2Frollup%2Fdownload%2Frollup-2.59.0.tgz}
    name: rollup
    version: 2.59.0
    engines: {node: '>=10.0.0'}
    hasBin: true
    optionalDependencies:
      fsevents: 2.3.2

  registry.npmmirror.com/vite@2.6.13(less@4.1.2):
    resolution: {integrity: sha1-FrPshaZtW0YawpqQOHTUNX+a9DI=, registry: https://registry.npmjs.org/, tarball: https://registry.npmmirror.com/vite/download/vite-2.6.13.tgz}
    id: registry.npmmirror.com/vite/2.6.13
    name: vite
    version: 2.6.13
    engines: {node: '>=12.2.0'}
    hasBin: true
    peerDependencies:
      less: '*'
      sass: '*'
      stylus: '*'
    peerDependenciesMeta:
      less:
        optional: true
      sass:
        optional: true
      stylus:
        optional: true
    dependencies:
      esbuild: registry.npmmirror.com/esbuild@0.13.12
      less: registry.npmmirror.com/less@4.1.2
      postcss: 8.4.31
      resolve: registry.nlark.com/resolve@1.20.0
      rollup: registry.npmmirror.com/rollup@2.59.0
    optionalDependencies:
      fsevents: 2.3.2

  registry.npmmirror.com/vue-router@4.0.12(vue@3.2.21):
    resolution: {integrity: sha1-jceSzd9bsavMOQj5BkE23n4TxGA=, registry: https://registry.npmjs.org/, tarball: https://registry.npmmirror.com/vue-router/download/vue-router-4.0.12.tgz}
    id: registry.npmmirror.com/vue-router/4.0.12
    name: vue-router
    version: 4.0.12
    peerDependencies:
      vue: ^3.0.0
    dependencies:
      '@vue/devtools-api': registry.npmmirror.com/@vue/devtools-api@6.0.0-beta.20
      vue: registry.npmmirror.com/vue@3.2.21
    dev: false

  registry.npmmirror.com/vue-types@3.0.2(vue@3.2.21):
    resolution: {integrity: sha1-7BbgXUEsA4Ji/B76TOuWR+f7YB0=, registry: https://registry.npmjs.org/, tarball: https://registry.npmmirror.com/vue-types/download/vue-types-3.0.2.tgz}
    id: registry.npmmirror.com/vue-types/3.0.2
    name: vue-types
    version: 3.0.2
    engines: {node: '>=10.15.0'}
    peerDependencies:
      vue: ^3.0.0
    dependencies:
      is-plain-object: registry.npm.taobao.org/is-plain-object@3.0.1
      vue: registry.npmmirror.com/vue@3.2.21
    dev: false

  registry.npmmirror.com/vue@3.2.21:
    resolution: {integrity: sha1-VfVmUXLZXPl+gGuarQo3UYC+I6E=, registry: https://registry.npmjs.org/, tarball: https://registry.npmmirror.com/vue/download/vue-3.2.21.tgz}
    name: vue
    version: 3.2.21
    dependencies:
      '@vue/compiler-dom': registry.npmmirror.com/@vue/compiler-dom@3.2.21
      '@vue/compiler-sfc': registry.npmmirror.com/@vue/compiler-sfc@3.2.21
      '@vue/runtime-dom': registry.npmmirror.com/@vue/runtime-dom@3.2.21
      '@vue/server-renderer': registry.npmmirror.com/@vue/server-renderer@3.2.21(vue@3.2.21)
      '@vue/shared': registry.npmmirror.com/@vue/shared@3.2.21
    dev: false
